
Microsoft Visual Studio Solution File, Format Version 12.00
# Visual Studio 2015
Project("{FAE04EC0-301F-11D3-BF4B-00C04F79EFBC}") = "Maths Puzzle.Plugins", "Maths Puzzle.Plugins.csproj", "{96F7A53A-C7E9-EB5A-ED8D-1D1A79B71E0E}"
EndProject
Project("{FAE04EC0-301F-11D3-BF4B-00C04F79EFBC}") = "Maths Puzzle", "Maths Puzzle.csproj", "{9F48804D-B329-4D02-8F2A-D42A0D413CDA}"
EndProject
Project("{FAE04EC0-301F-11D3-BF4B-00C04F79EFBC}") = "Maths Puzzle.Editor.Plugins", "Maths Puzzle.Editor.Plugins.csproj", "{9345FB0D-5006-12B7-3774-C3D0A0520D4B}"
EndProject
Project("{FAE04EC0-301F-11D3-BF4B-00C04F79EFBC}") = "Maths Puzzle.Editor", "Maths Puzzle.Editor.csproj", "{76714352-90AF-B7C3-78E6-8C1BF5FD78DA}"
EndProject
Global
	GlobalSection(SolutionConfigurationPlatforms) = preSolution
		Debug|Any CPU = Debug|Any CPU
		Release|Any CPU = Release|Any CPU
	EndGlobalSection
	GlobalSection(ProjectConfigurationPlatforms) = postSolution
		{96F7A53A-C7E9-EB5A-ED8D-1D1A79B71E0E}.Debug|Any CPU.ActiveCfg = Debug|Any CPU
		{96F7A53A-C7E9-EB5A-ED8D-1D1A79B71E0E}.Debug|Any CPU.Build.0 = Debug|Any CPU
		{96F7A53A-C7E9-EB5A-ED8D-1D1A79B71E0E}.Release|Any CPU.ActiveCfg = Release|Any CPU
		{96F7A53A-C7E9-EB5A-ED8D-1D1A79B71E0E}.Release|Any CPU.Build.0 = Release|Any CPU
		{9F48804D-B329-4D02-8F2A-D42A0D413CDA}.Debug|Any CPU.ActiveCfg = Debug|Any CPU
		{9F48804D-B329-4D02-8F2A-D42A0D413CDA}.Debug|Any CPU.Build.0 = Debug|Any CPU
		{9F48804D-B329-4D02-8F2A-D42A0D413CDA}.Release|Any CPU.ActiveCfg = Release|Any CPU
		{9F48804D-B329-4D02-8F2A-D42A0D413CDA}.Release|Any CPU.Build.0 = Release|Any CPU
		{9345FB0D-5006-12B7-3774-C3D0A0520D4B}.Debug|Any CPU.ActiveCfg = Debug|Any CPU
		{9345FB0D-5006-12B7-3774-C3D0A0520D4B}.Debug|Any CPU.Build.0 = Debug|Any CPU
		{9345FB0D-5006-12B7-3774-C3D0A0520D4B}.Release|Any CPU.ActiveCfg = Release|Any CPU
		{9345FB0D-5006-12B7-3774-C3D0A0520D4B}.Release|Any CPU.Build.0 = Release|Any CPU
		{76714352-90AF-B7C3-78E6-8C1BF5FD78DA}.Debug|Any CPU.ActiveCfg = Debug|Any CPU
		{76714352-90AF-B7C3-78E6-8C1BF5FD78DA}.Debug|Any CPU.Build.0 = Debug|Any CPU
		{76714352-90AF-B7C3-78E6-8C1BF5FD78DA}.Release|Any CPU.ActiveCfg = Release|Any CPU
		{76714352-90AF-B7C3-78E6-8C1BF5FD78DA}.Release|Any CPU.Build.0 = Release|Any CPU
	EndGlobalSection
	GlobalSection(SolutionProperties) = preSolution
		HideSolutionNode = FALSE
	EndGlobalSection
EndGlobal
